{
  "pins" : [
    {
      "identity" : "swift-cmark",
      "kind" : "remoteSourceControl",
      "location" : "https://github.com/shaps80/swift-cmark.git",
      "state" : {
        "revision" : "476f7b4fcf12eba381b4aaed8987006fd8fcec9c",
        "version" : "0.2.0"
      }
    },
    {
      "identity" : "swift-markdown",
      "kind" : "remoteSourceControl",
      "location" : "https://github.com/shaps80/swift-markdown",
      "state" : {
        "revision" : "83188dee2dbccfa70124c56055dd0b759d3e4ec3",
        "version" : "0.3.0"
      }
    },
    {
      "identity" : "swiftuibackports",
      "kind" : "remoteSourceControl",
      "location" : "https://github.com/shaps80/SwiftUIBackports",
      "state" : {
        "revision" : "252d01385a0730cc604310373ac934a64f1d4b1a",
        "version" : "1.8.2"
      }
    }
  ],
  "version" : 2
}
